// !$*UTF8*$!
{
	archiveVersion = 1;
	classes = {
	};
	objectVersion = 46;
	objects = {

/* Begin PBXBuildFile section */
		254AB7BF1D5C6C28003C8345 /* AppDelegate.swift in Sources */ = {isa = PBXBuildFile; fileRef = 254AB7BE1D5C6C28003C8345 /* AppDelegate.swift */; };
		254AB7C41D5C6C28003C8345 /* Main.storyboard in Resources */ = {isa = PBXBuildFile; fileRef = 254AB7C21D5C6C28003C8345 /* Main.storyboard */; };
		254AB7C61D5C6C28003C8345 /* Assets.xcassets in Resources */ = {isa = PBXBuildFile; fileRef = 254AB7C51D5C6C28003C8345 /* Assets.xcassets */; };
		254AB7C91D5C6C28003C8345 /* LaunchScreen.storyboard in Resources */ = {isa = PBXBuildFile; fileRef = 254AB7C71D5C6C28003C8345 /* LaunchScreen.storyboard */; };
		254AB7D61D5C6D7F003C8345 /* ArticleViewController.swift in Sources */ = {isa = PBXBuildFile; fileRef = 254AB7D51D5C6D7F003C8345 /* ArticleViewController.swift */; };
		254AB7D81D5C6D97003C8345 /* ArticleViewModel.swift in Sources */ = {isa = PBXBuildFile; fileRef = 254AB7D71D5C6D97003C8345 /* ArticleViewModel.swift */; };
		254AB7DA1D5C6DA3003C8345 /* Article.swift in Sources */ = {isa = PBXBuildFile; fileRef = 254AB7D91D5C6DA3003C8345 /* Article.swift */; };
		254AB7DC1D5C6DFF003C8345 /* ArticleDetail.storyboard in Resources */ = {isa = PBXBuildFile; fileRef = 254AB7DB1D5C6DFF003C8345 /* ArticleDetail.storyboard */; };
		254AB7DE1D5C6E28003C8345 /* ArticleTableViewCell.xib in Resources */ = {isa = PBXBuildFile; fileRef = 254AB7DD1D5C6E28003C8345 /* ArticleTableViewCell.xib */; };
		254AB7E01D5C6E91003C8345 /* ArticleTableViewCell.swift in Sources */ = {isa = PBXBuildFile; fileRef = 254AB7DF1D5C6E91003C8345 /* ArticleTableViewCell.swift */; };
		254AB7E21D5C7852003C8345 /* ArticleDetailViewController.swift in Sources */ = {isa = PBXBuildFile; fileRef = 254AB7E11D5C7852003C8345 /* ArticleDetailViewController.swift */; };
		25A67D221D6188D70097152C /* Alamofire.framework in Frameworks */ = {isa = PBXBuildFile; fileRef = 25A67D1F1D6188D70097152C /* Alamofire.framework */; };
		25A67D241D6188D70097152C /* BrightFutures.framework in Frameworks */ = {isa = PBXBuildFile; fileRef = 25A67D211D6188D70097152C /* BrightFutures.framework */; };
		25A67D2F1D6188EF0097152C /* Realm.framework in Frameworks */ = {isa = PBXBuildFile; fileRef = 25A67D251D6188EF0097152C /* Realm.framework */; };
		25A67D311D6188EF0097152C /* RealmSwift.framework in Frameworks */ = {isa = PBXBuildFile; fileRef = 25A67D271D6188EF0097152C /* RealmSwift.framework */; };
		25A67D351D6188EF0097152C /* SwiftyJSON.framework in Frameworks */ = {isa = PBXBuildFile; fileRef = 25A67D2B1D6188EF0097152C /* SwiftyJSON.framework */; };
		25A67D371D6188EF0097152C /* WebImage.framework in Frameworks */ = {isa = PBXBuildFile; fileRef = 25A67D2D1D6188EF0097152C /* WebImage.framework */; };
		25A67D3C1D61A20E0097152C /* APIManager.swift in Sources */ = {isa = PBXBuildFile; fileRef = 25A67D3B1D61A20E0097152C /* APIManager.swift */; };
		25A67D3E1D61A24E0097152C /* APIUrl.swift in Sources */ = {isa = PBXBuildFile; fileRef = 25A67D3D1D61A24E0097152C /* APIUrl.swift */; };
		25A67D401D61AB390097152C /* User.swift in Sources */ = {isa = PBXBuildFile; fileRef = 25A67D3F1D61AB390097152C /* User.swift */; };
		25A67D421D61ABD70097152C /* Utils.swift in Sources */ = {isa = PBXBuildFile; fileRef = 25A67D411D61ABD70097152C /* Utils.swift */; };
		25A67D441D61B4420097152C /* DateUtils.swift in Sources */ = {isa = PBXBuildFile; fileRef = 25A67D431D61B4420097152C /* DateUtils.swift */; };
		25A67D471D61C7A80097152C /* NibLoadable.swift in Sources */ = {isa = PBXBuildFile; fileRef = 25A67D461D61C7A80097152C /* NibLoadable.swift */; };
		25A67D491D61C83C0097152C /* Reusable.swift in Sources */ = {isa = PBXBuildFile; fileRef = 25A67D481D61C83C0097152C /* Reusable.swift */; };
		25A67D4B1D61CA380097152C /* TableViewUtils.swift in Sources */ = {isa = PBXBuildFile; fileRef = 25A67D4A1D61CA380097152C /* TableViewUtils.swift */; };
		25A67D5C1D63401F0097152C /* StoryboardLoadable.swift in Sources */ = {isa = PBXBuildFile; fileRef = 25A67D5B1D63401F0097152C /* StoryboardLoadable.swift */; };
		25A67D661D644A3B0097152C /* Article.storyboard in Resources */ = {isa = PBXBuildFile; fileRef = 25A67D651D644A3B0097152C /* Article.storyboard */; };
		25A67D6B1D644CAC0097152C /* ArticleContainerViewController.swift in Sources */ = {isa = PBXBuildFile; fileRef = 25A67D6A1D644CAC0097152C /* ArticleContainerViewController.swift */; };
		25A67D6F1D64535F0097152C /* MainTabBarController.swift in Sources */ = {isa = PBXBuildFile; fileRef = 25A67D6E1D64535F0097152C /* MainTabBarController.swift */; };
		25A67D711D64607B0097152C /* Search.storyboard in Resources */ = {isa = PBXBuildFile; fileRef = 25A67D701D64607B0097152C /* Search.storyboard */; };
		25A67D731D6462710097152C /* SearchContainerViewController.swift in Sources */ = {isa = PBXBuildFile; fileRef = 25A67D721D6462710097152C /* SearchContainerViewController.swift */; };
		25A67D751D6462B20097152C /* SearchViewController.swift in Sources */ = {isa = PBXBuildFile; fileRef = 25A67D741D6462B20097152C /* SearchViewController.swift */; };
		25A67D771D6462BF0097152C /* LikeViewController.swift in Sources */ = {isa = PBXBuildFile; fileRef = 25A67D761D6462BF0097152C /* LikeViewController.swift */; };
		25A67D791D6462C80097152C /* MypageViewController.swift in Sources */ = {isa = PBXBuildFile; fileRef = 25A67D781D6462C80097152C /* MypageViewController.swift */; };
		25A67D7B1D6462E90097152C /* LikeContainerViewController.swift in Sources */ = {isa = PBXBuildFile; fileRef = 25A67D7A1D6462E90097152C /* LikeContainerViewController.swift */; };
		25A67D7D1D6462F90097152C /* MypageContainerViewController.swift in Sources */ = {isa = PBXBuildFile; fileRef = 25A67D7C1D6462F90097152C /* MypageContainerViewController.swift */; };
		25A67D7F1D6463790097152C /* Mypage.storyboard in Resources */ = {isa = PBXBuildFile; fileRef = 25A67D7E1D6463790097152C /* Mypage.storyboard */; };
		25A67D811D6463B50097152C /* Like.storyboard in Resources */ = {isa = PBXBuildFile; fileRef = 25A67D801D6463B50097152C /* Like.storyboard */; };
/* End PBXBuildFile section */

/* Begin PBXFileReference section */
		254AB7BB1D5C6C28003C8345 /* test1.app */ = {isa = PBXFileReference; explicitFileType = wrapper.application; includeInIndex = 0; path = test1.app; sourceTree = BUILT_PRODUCTS_DIR; };
		254AB7BE1D5C6C28003C8345 /* AppDelegate.swift */ = {isa = PBXFileReference; lastKnownFileType = sourcecode.swift; path = AppDelegate.swift; sourceTree = "<group>"; };
		254AB7C31D5C6C28003C8345 /* Base */ = {isa = PBXFileReference; lastKnownFileType = file.storyboard; name = Base; path = Base.lproj/Main.storyboard; sourceTree = "<group>"; };
		254AB7C51D5C6C28003C8345 /* Assets.xcassets */ = {isa = PBXFileReference; lastKnownFileType = folder.assetcatalog; path = Assets.xcassets; sourceTree = "<group>"; };
		254AB7C81D5C6C28003C8345 /* Base */ = {isa = PBXFileReference; lastKnownFileType = file.storyboard; name = Base; path = Base.lproj/LaunchScreen.storyboard; sourceTree = "<group>"; };
		254AB7CA1D5C6C28003C8345 /* Info.plist */ = {isa = PBXFileReference; lastKnownFileType = text.plist.xml; path = Info.plist; sourceTree = "<group>"; };
		254AB7D51D5C6D7F003C8345 /* ArticleViewController.swift */ = {isa = PBXFileReference; fileEncoding = 4; lastKnownFileType = sourcecode.swift; path = ArticleViewController.swift; sourceTree = "<group>"; };
		254AB7D71D5C6D97003C8345 /* ArticleViewModel.swift */ = {isa = PBXFileReference; fileEncoding = 4; lastKnownFileType = sourcecode.swift; path = ArticleViewModel.swift; sourceTree = "<group>"; };
		254AB7D91D5C6DA3003C8345 /* Article.swift */ = {isa = PBXFileReference; fileEncoding = 4; lastKnownFileType = sourcecode.swift; path = Article.swift; sourceTree = "<group>"; };
		254AB7DB1D5C6DFF003C8345 /* ArticleDetail.storyboard */ = {isa = PBXFileReference; fileEncoding = 4; lastKnownFileType = file.storyboard; path = ArticleDetail.storyboard; sourceTree = "<group>"; };
		254AB7DD1D5C6E28003C8345 /* ArticleTableViewCell.xib */ = {isa = PBXFileReference; fileEncoding = 4; lastKnownFileType = file.xib; path = ArticleTableViewCell.xib; sourceTree = "<group>"; };
		254AB7DF1D5C6E91003C8345 /* ArticleTableViewCell.swift */ = {isa = PBXFileReference; fileEncoding = 4; lastKnownFileType = sourcecode.swift; path = ArticleTableViewCell.swift; sourceTree = "<group>"; };
		254AB7E11D5C7852003C8345 /* ArticleDetailViewController.swift */ = {isa = PBXFileReference; fileEncoding = 4; lastKnownFileType = sourcecode.swift; path = ArticleDetailViewController.swift; sourceTree = "<group>"; };
		25A67D1F1D6188D70097152C /* Alamofire.framework */ = {isa = PBXFileReference; lastKnownFileType = wrapper.framework; name = Alamofire.framework; path = Carthage/Build/iOS/Alamofire.framework; sourceTree = "<group>"; };
		25A67D211D6188D70097152C /* BrightFutures.framework */ = {isa = PBXFileReference; lastKnownFileType = wrapper.framework; name = BrightFutures.framework; path = Carthage/Build/iOS/BrightFutures.framework; sourceTree = "<group>"; };
		25A67D251D6188EF0097152C /* Realm.framework */ = {isa = PBXFileReference; lastKnownFileType = wrapper.framework; name = Realm.framework; path = Carthage/Build/iOS/Realm.framework; sourceTree = "<group>"; };
		25A67D271D6188EF0097152C /* RealmSwift.framework */ = {isa = PBXFileReference; lastKnownFileType = wrapper.framework; name = RealmSwift.framework; path = Carthage/Build/iOS/RealmSwift.framework; sourceTree = "<group>"; };
		25A67D291D6188EF0097152C /* Result.framework */ = {isa = PBXFileReference; lastKnownFileType = wrapper.framework; name = Result.framework; path = Carthage/Build/iOS/Result.framework; sourceTree = "<group>"; };
		25A67D2B1D6188EF0097152C /* SwiftyJSON.framework */ = {isa = PBXFileReference; lastKnownFileType = wrapper.framework; name = SwiftyJSON.framework; path = Carthage/Build/iOS/SwiftyJSON.framework; sourceTree = "<group>"; };
		25A67D2D1D6188EF0097152C /* WebImage.framework */ = {isa = PBXFileReference; lastKnownFileType = wrapper.framework; name = WebImage.framework; path = Carthage/Build/iOS/WebImage.framework; sourceTree = "<group>"; };
		25A67D3B1D61A20E0097152C /* APIManager.swift */ = {isa = PBXFileReference; fileEncoding = 4; lastKnownFileType = sourcecode.swift; path = APIManager.swift; sourceTree = "<group>"; };
		25A67D3D1D61A24E0097152C /* APIUrl.swift */ = {isa = PBXFileReference; fileEncoding = 4; lastKnownFileType = sourcecode.swift; path = APIUrl.swift; sourceTree = "<group>"; };
		25A67D3F1D61AB390097152C /* User.swift */ = {isa = PBXFileReference; fileEncoding = 4; lastKnownFileType = sourcecode.swift; path = User.swift; sourceTree = "<group>"; };
		25A67D411D61ABD70097152C /* Utils.swift */ = {isa = PBXFileReference; fileEncoding = 4; lastKnownFileType = sourcecode.swift; path = Utils.swift; sourceTree = "<group>"; };
		25A67D431D61B4420097152C /* DateUtils.swift */ = {isa = PBXFileReference; fileEncoding = 4; lastKnownFileType = sourcecode.swift; path = DateUtils.swift; sourceTree = "<group>"; };
		25A67D461D61C7A80097152C /* NibLoadable.swift */ = {isa = PBXFileReference; fileEncoding = 4; lastKnownFileType = sourcecode.swift; path = NibLoadable.swift; sourceTree = "<group>"; };
		25A67D481D61C83C0097152C /* Reusable.swift */ = {isa = PBXFileReference; fileEncoding = 4; lastKnownFileType = sourcecode.swift; path = Reusable.swift; sourceTree = "<group>"; };
		25A67D4A1D61CA380097152C /* TableViewUtils.swift */ = {isa = PBXFileReference; fileEncoding = 4; lastKnownFileType = sourcecode.swift; path = TableViewUtils.swift; sourceTree = "<group>"; };
		25A67D5B1D63401F0097152C /* StoryboardLoadable.swift */ = {isa = PBXFileReference; fileEncoding = 4; lastKnownFileType = sourcecode.swift; path = StoryboardLoadable.swift; sourceTree = "<group>"; };
		25A67D651D644A3B0097152C /* Article.storyboard */ = {isa = PBXFileReference; fileEncoding = 4; lastKnownFileType = file.storyboard; path = Article.storyboard; sourceTree = "<group>"; };
		25A67D6A1D644CAC0097152C /* ArticleContainerViewController.swift */ = {isa = PBXFileReference; fileEncoding = 4; lastKnownFileType = sourcecode.swift; path = ArticleContainerViewController.swift; sourceTree = "<group>"; };
		25A67D6E1D64535F0097152C /* MainTabBarController.swift */ = {isa = PBXFileReference; fileEncoding = 4; lastKnownFileType = sourcecode.swift; path = MainTabBarController.swift; sourceTree = "<group>"; };
		25A67D701D64607B0097152C /* Search.storyboard */ = {isa = PBXFileReference; fileEncoding = 4; lastKnownFileType = file.storyboard; path = Search.storyboard; sourceTree = "<group>"; };
		25A67D721D6462710097152C /* SearchContainerViewController.swift */ = {isa = PBXFileReference; fileEncoding = 4; lastKnownFileType = sourcecode.swift; path = SearchContainerViewController.swift; sourceTree = "<group>"; };
		25A67D741D6462B20097152C /* SearchViewController.swift */ = {isa = PBXFileReference; fileEncoding = 4; lastKnownFileType = sourcecode.swift; path = SearchViewController.swift; sourceTree = "<group>"; };
		25A67D761D6462BF0097152C /* LikeViewController.swift */ = {isa = PBXFileReference; fileEncoding = 4; lastKnownFileType = sourcecode.swift; path = LikeViewController.swift; sourceTree = "<group>"; };
		25A67D781D6462C80097152C /* MypageViewController.swift */ = {isa = PBXFileReference; fileEncoding = 4; lastKnownFileType = sourcecode.swift; path = MypageViewController.swift; sourceTree = "<group>"; };
		25A67D7A1D6462E90097152C /* LikeContainerViewController.swift */ = {isa = PBXFileReference; fileEncoding = 4; lastKnownFileType = sourcecode.swift; path = LikeContainerViewController.swift; sourceTree = "<group>"; };
		25A67D7C1D6462F90097152C /* MypageContainerViewController.swift */ = {isa = PBXFileReference; fileEncoding = 4; lastKnownFileType = sourcecode.swift; path = MypageContainerViewController.swift; sourceTree = "<group>"; };
		25A67D7E1D6463790097152C /* Mypage.storyboard */ = {isa = PBXFileReference; fileEncoding = 4; lastKnownFileType = file.storyboard; path = Mypage.storyboard; sourceTree = "<group>"; };
		25A67D801D6463B50097152C /* Like.storyboard */ = {isa = PBXFileReference; fileEncoding = 4; lastKnownFileType = file.storyboard; path = Like.storyboard; sourceTree = "<group>"; };
/* End PBXFileReference section */

/* Begin PBXFrameworksBuildPhase section */
		254AB7B81D5C6C28003C8345 /* Frameworks */ = {
			isa = PBXFrameworksBuildPhase;
			buildActionMask = 2147483647;
			files = (
				25A67D2F1D6188EF0097152C /* Realm.framework in Frameworks */,
				25A67D311D6188EF0097152C /* RealmSwift.framework in Frameworks */,
				25A67D351D6188EF0097152C /* SwiftyJSON.framework in Frameworks */,
				25A67D371D6188EF0097152C /* WebImage.framework in Frameworks */,
				25A67D221D6188D70097152C /* Alamofire.framework in Frameworks */,
				25A67D241D6188D70097152C /* BrightFutures.framework in Frameworks */,
			);
			runOnlyForDeploymentPostprocessing = 0;
		};
/* End PBXFrameworksBuildPhase section */

/* Begin PBXGroup section */
		254AB7B21D5C6C28003C8345 = {
			isa = PBXGroup;
			children = (
				25A67D251D6188EF0097152C /* Realm.framework */,
				25A67D271D6188EF0097152C /* RealmSwift.framework */,
				25A67D291D6188EF0097152C /* Result.framework */,
				25A67D2B1D6188EF0097152C /* SwiftyJSON.framework */,
				25A67D2D1D6188EF0097152C /* WebImage.framework */,
				25A67D1F1D6188D70097152C /* Alamofire.framework */,
				25A67D211D6188D70097152C /* BrightFutures.framework */,
				254AB7BD1D5C6C28003C8345 /* test1 */,
				254AB7BC1D5C6C28003C8345 /* Products */,
			);
			sourceTree = "<group>";
		};
		254AB7BC1D5C6C28003C8345 /* Products */ = {
			isa = PBXGroup;
			children = (
				254AB7BB1D5C6C28003C8345 /* test1.app */,
			);
			name = Products;
			sourceTree = "<group>";
		};
		254AB7BD1D5C6C28003C8345 /* test1 */ = {
			isa = PBXGroup;
			children = (
				25A67D671D644BFB0097152C /* ContainerViewController */,
				25A67D451D61C7680097152C /* Protocols */,
				25A67D3A1D61A0E90097152C /* Utils */,
				254AB7D41D5C6D5B003C8345 /* Model */,
				254AB7D31D5C6D4C003C8345 /* TableViewCell */,
				254AB7D21D5C6D43003C8345 /* ViewModel */,
				254AB7D11D5C6D38003C8345 /* ViewController */,
				254AB7BE1D5C6C28003C8345 /* AppDelegate.swift */,
				254AB7D01D5C6C79003C8345 /* Stroyboards */,
				254AB7C21D5C6C28003C8345 /* Main.storyboard */,
				254AB7C51D5C6C28003C8345 /* Assets.xcassets */,
				254AB7C71D5C6C28003C8345 /* LaunchScreen.storyboard */,
				254AB7CA1D5C6C28003C8345 /* Info.plist */,
			);
			path = test1;
			sourceTree = "<group>";
		};
		254AB7D01D5C6C79003C8345 /* Stroyboards */ = {
			isa = PBXGroup;
			children = (
				254AB7DB1D5C6DFF003C8345 /* ArticleDetail.storyboard */,
				25A67D651D644A3B0097152C /* Article.storyboard */,
				25A67D701D64607B0097152C /* Search.storyboard */,
				25A67D7E1D6463790097152C /* Mypage.storyboard */,
				25A67D801D6463B50097152C /* Like.storyboard */,
			);
			name = Stroyboards;
			sourceTree = "<group>";
		};
		254AB7D11D5C6D38003C8345 /* ViewController */ = {
			isa = PBXGroup;
			children = (
				254AB7D51D5C6D7F003C8345 /* ArticleViewController.swift */,
				254AB7E11D5C7852003C8345 /* ArticleDetailViewController.swift */,
				25A67D741D6462B20097152C /* SearchViewController.swift */,
				25A67D761D6462BF0097152C /* LikeViewController.swift */,
				25A67D781D6462C80097152C /* MypageViewController.swift */,
			);
			name = ViewController;
			sourceTree = "<group>";
		};
		254AB7D21D5C6D43003C8345 /* ViewModel */ = {
			isa = PBXGroup;
			children = (
				254AB7D71D5C6D97003C8345 /* ArticleViewModel.swift */,
			);
			name = ViewModel;
			sourceTree = "<group>";
		};
		254AB7D31D5C6D4C003C8345 /* TableViewCell */ = {
			isa = PBXGroup;
			children = (
				254AB7DD1D5C6E28003C8345 /* ArticleTableViewCell.xib */,
				254AB7DF1D5C6E91003C8345 /* ArticleTableViewCell.swift */,
			);
			name = TableViewCell;
			sourceTree = "<group>";
		};
		254AB7D41D5C6D5B003C8345 /* Model */ = {
			isa = PBXGroup;
			children = (
				254AB7D91D5C6DA3003C8345 /* Article.swift */,
				25A67D3F1D61AB390097152C /* User.swift */,
			);
			name = Model;
			sourceTree = "<group>";
		};
		25A67D3A1D61A0E90097152C /* Utils */ = {
			isa = PBXGroup;
			children = (
				25A67D3B1D61A20E0097152C /* APIManager.swift */,
				25A67D431D61B4420097152C /* DateUtils.swift */,
				25A67D3D1D61A24E0097152C /* APIUrl.swift */,
				25A67D411D61ABD70097152C /* Utils.swift */,
				25A67D4A1D61CA380097152C /* TableViewUtils.swift */,
			);
			name = Utils;
			sourceTree = "<group>";
		};
		25A67D451D61C7680097152C /* Protocols */ = {
			isa = PBXGroup;
			children = (
				25A67D461D61C7A80097152C /* NibLoadable.swift */,
				25A67D481D61C83C0097152C /* Reusable.swift */,
				25A67D5B1D63401F0097152C /* StoryboardLoadable.swift */,
			);
			name = Protocols;
			sourceTree = "<group>";
		};
		25A67D671D644BFB0097152C /* ContainerViewController */ = {
			isa = PBXGroup;
			children = (
				25A67D6A1D644CAC0097152C /* ArticleContainerViewController.swift */,
				25A67D6E1D64535F0097152C /* MainTabBarController.swift */,
				25A67D721D6462710097152C /* SearchContainerViewController.swift */,
				25A67D7A1D6462E90097152C /* LikeContainerViewController.swift */,
				25A67D7C1D6462F90097152C /* MypageContainerViewController.swift */,
			);
			name = ContainerViewController;
			sourceTree = "<group>";
		};
/* End PBXGroup section */

/* Begin PBXNativeTarget section */
		254AB7BA1D5C6C28003C8345 /* test1 */ = {
			isa = PBXNativeTarget;
			buildConfigurationList = 254AB7CD1D5C6C28003C8345 /* Build configuration list for PBXNativeTarget "test1" */;
			buildPhases = (
				254AB7B71D5C6C28003C8345 /* Sources */,
				254AB7B81D5C6C28003C8345 /* Frameworks */,
				254AB7B91D5C6C28003C8345 /* Resources */,
				25A67D391D61891A0097152C /* ShellScript */,
			);
			buildRules = (
			);
			dependencies = (
			);
			name = test1;
			productName = test1;
			productReference = 254AB7BB1D5C6C28003C8345 /* test1.app */;
			productType = "com.apple.product-type.application";
		};
/* End PBXNativeTarget section */

/* Begin PBXProject section */
		254AB7B31D5C6C28003C8345 /* Project object */ = {
			isa = PBXProject;
			attributes = {
				LastSwiftUpdateCheck = 0730;
				LastUpgradeCheck = 0730;
				ORGANIZATIONNAME = ShuichiNagao;
				TargetAttributes = {
					254AB7BA1D5C6C28003C8345 = {
						CreatedOnToolsVersion = 7.3.1;
					};
				};
			};
			buildConfigurationList = 254AB7B61D5C6C28003C8345 /* Build configuration list for PBXProject "test1" */;
			compatibilityVersion = "Xcode 3.2";
			developmentRegion = English;
			hasScannedForEncodings = 0;
			knownRegions = (
				en,
				Base,
			);
			mainGroup = 254AB7B21D5C6C28003C8345;
			productRefGroup = 254AB7BC1D5C6C28003C8345 /* Products */;
			projectDirPath = "";
			projectRoot = "";
			targets = (
				254AB7BA1D5C6C28003C8345 /* test1 */,
			);
		};
/* End PBXProject section */

/* Begin PBXResourcesBuildPhase section */
		254AB7B91D5C6C28003C8345 /* Resources */ = {
			isa = PBXResourcesBuildPhase;
			buildActionMask = 2147483647;
			files = (
				254AB7DE1D5C6E28003C8345 /* ArticleTableViewCell.xib in Resources */,
				25A67D661D644A3B0097152C /* Article.storyboard in Resources */,
				254AB7C91D5C6C28003C8345 /* LaunchScreen.storyboard in Resources */,
				25A67D7F1D6463790097152C /* Mypage.storyboard in Resources */,
				254AB7C61D5C6C28003C8345 /* Assets.xcassets in Resources */,
				25A67D711D64607B0097152C /* Search.storyboard in Resources */,
				25A67D811D6463B50097152C /* Like.storyboard in Resources */,
				254AB7DC1D5C6DFF003C8345 /* ArticleDetail.storyboard in Resources */,
				254AB7C41D5C6C28003C8345 /* Main.storyboard in Resources */,
			);
			runOnlyForDeploymentPostprocessing = 0;
		};
/* End PBXResourcesBuildPhase section */

/* Begin PBXShellScriptBuildPhase section */
		25A67D391D61891A0097152C /* ShellScript */ = {
			isa = PBXShellScriptBuildPhase;
			buildActionMask = 2147483647;
			files = (
			);
			inputPaths = (
				"$(SRCROOT)/Carthage/Build/iOS/Alamofire.framework",
				"$(SRCROOT)/Carthage/Build/iOS/SwiftyJSON.framework",
				"$(SRCROOT)/Carthage/Build/iOS/RealmSwift.framework",
				"$(SRCROOT)/Carthage/Build/iOS/Realm.framework",
				"$(SRCROOT)/Carthage/Build/iOS/Result.framework",
				"$(SRCROOT)/Carthage/Build/iOS/BrightFutures.framework",
				"$(SRCROOT)/Carthage/Build/iOS/WebImage.framework",
			);
			outputPaths = (
			);
			runOnlyForDeploymentPostprocessing = 0;
			shellPath = /bin/sh;
			shellScript = "/usr/local/bin/carthage copy-frameworks";
		};
/* End PBXShellScriptBuildPhase section */

/* Begin PBXSourcesBuildPhase section */
		254AB7B71D5C6C28003C8345 /* Sources */ = {
			isa = PBXSourcesBuildPhase;
			buildActionMask = 2147483647;
			files = (
				25A67D5C1D63401F0097152C /* StoryboardLoadable.swift in Sources */,
				25A67D7B1D6462E90097152C /* LikeContainerViewController.swift in Sources */,
				25A67D3C1D61A20E0097152C /* APIManager.swift in Sources */,
				25A67D6F1D64535F0097152C /* MainTabBarController.swift in Sources */,
				25A67D441D61B4420097152C /* DateUtils.swift in Sources */,
				25A67D751D6462B20097152C /* SearchViewController.swift in Sources */,
				254AB7D81D5C6D97003C8345 /* ArticleViewModel.swift in Sources */,
				25A67D7D1D6462F90097152C /* MypageContainerViewController.swift in Sources */,
				254AB7D61D5C6D7F003C8345 /* ArticleViewController.swift in Sources */,
				25A67D731D6462710097152C /* SearchContainerViewController.swift in Sources */,
				25A67D6B1D644CAC0097152C /* ArticleContainerViewController.swift in Sources */,
				25A67D791D6462C80097152C /* MypageViewController.swift in Sources */,
				254AB7E21D5C7852003C8345 /* ArticleDetailViewController.swift in Sources */,
				25A67D491D61C83C0097152C /* Reusable.swift in Sources */,
				25A67D4B1D61CA380097152C /* TableViewUtils.swift in Sources */,
				254AB7BF1D5C6C28003C8345 /* AppDelegate.swift in Sources */,
				254AB7E01D5C6E91003C8345 /* ArticleTableViewCell.swift in Sources */,
				25A67D421D61ABD70097152C /* Utils.swift in Sources */,
				254AB7DA1D5C6DA3003C8345 /* Article.swift in Sources */,
				25A67D401D61AB390097152C /* User.swift in Sources */,
				25A67D471D61C7A80097152C /* NibLoadable.swift in Sources */,
				25A67D3E1D61A24E0097152C /* APIUrl.swift in Sources */,
				25A67D771D6462BF0097152C /* LikeViewController.swift in Sources */,
			);
			runOnlyForDeploymentPostprocessing = 0;
		};
/* End PBXSourcesBuildPhase section */

/* Begin PBXVariantGroup section */
		254AB7C21D5C6C28003C8345 /* Main.storyboard */ = {
			isa = PBXVariantGroup;
			children = (
				254AB7C31D5C6C28003C8345 /* Base */,
			);
			name = Main.storyboard;
			sourceTree = "<group>";
		};
		254AB7C71D5C6C28003C8345 /* LaunchScreen.storyboard */ = {
			isa = PBXVariantGroup;
			children = (
				254AB7C81D5C6C28003C8345 /* Base */,
			);
			name = LaunchScreen.storyboard;
			sourceTree = "<group>";
		};
/* End PBXVariantGroup section */

/* Begin XCBuildConfiguration section */
		254AB7CB1D5C6C28003C8345 /* Debug */ = {
			isa = XCBuildConfiguration;
			buildSettings = {
				ALWAYS_SEARCH_USER_PATHS = NO;
				CLANG_ANALYZER_NONNULL = YES;
				CLANG_CXX_LANGUAGE_STANDARD = "gnu++0x";
				CLANG_CXX_LIBRARY = "libc++";
				CLANG_ENABLE_MODULES = YES;
				CLANG_ENABLE_OBJC_ARC = YES;
				CLANG_WARN_BOOL_CONVERSION = YES;
				CLANG_WARN_CONSTANT_CONVERSION = YES;
				CLANG_WARN_DIRECT_OBJC_ISA_USAGE = YES_ERROR;
				CLANG_WARN_EMPTY_BODY = YES;
				CLANG_WARN_ENUM_CONVERSION = YES;
				CLANG_WARN_INT_CONVERSION = YES;
				CLANG_WARN_OBJC_ROOT_CLASS = YES_ERROR;
				CLANG_WARN_UNREACHABLE_CODE = YES;
				CLANG_WARN__DUPLICATE_METHOD_MATCH = YES;
				"CODE_SIGN_IDENTITY[sdk=iphoneos*]" = "iPhone Developer";
				COPY_PHASE_STRIP = NO;
				DEBUG_INFORMATION_FORMAT = dwarf;
				ENABLE_STRICT_OBJC_MSGSEND = YES;
				ENABLE_TESTABILITY = YES;
				GCC_C_LANGUAGE_STANDARD = gnu99;
				GCC_DYNAMIC_NO_PIC = NO;
				GCC_NO_COMMON_BLOCKS = YES;
				GCC_OPTIMIZATION_LEVEL = 0;
				GCC_PREPROCESSOR_DEFINITIONS = (
					"DEBUG=1",
					"$(inherited)",
				);
				GCC_WARN_64_TO_32_BIT_CONVERSION = YES;
				GCC_WARN_ABOUT_RETURN_TYPE = YES_ERROR;
				GCC_WARN_UNDECLARED_SELECTOR = YES;
				GCC_WARN_UNINITIALIZED_AUTOS = YES_AGGRESSIVE;
				GCC_WARN_UNUSED_FUNCTION = YES;
				GCC_WARN_UNUSED_VARIABLE = YES;
				IPHONEOS_DEPLOYMENT_TARGET = 9.3;
				MTL_ENABLE_DEBUG_INFO = YES;
				ONLY_ACTIVE_ARCH = YES;
				SDKROOT = iphoneos;
				SWIFT_OPTIMIZATION_LEVEL = "-Onone";
			};
			name = Debug;
		};
		254AB7CC1D5C6C28003C8345 /* Release */ = {
			isa = XCBuildConfiguration;
			buildSettings = {
				ALWAYS_SEARCH_USER_PATHS = NO;
				CLANG_ANALYZER_NONNULL = YES;
				CLANG_CXX_LANGUAGE_STANDARD = "gnu++0x";
				CLANG_CXX_LIBRARY = "libc++";
				CLANG_ENABLE_MODULES = YES;
				CLANG_ENABLE_OBJC_ARC = YES;
				CLANG_WARN_BOOL_CONVERSION = YES;
				CLANG_WARN_CONSTANT_CONVERSION = YES;
				CLANG_WARN_DIRECT_OBJC_ISA_USAGE = YES_ERROR;
				CLANG_WARN_EMPTY_BODY = YES;
				CLANG_WARN_ENUM_CONVERSION = YES;
				CLANG_WARN_INT_CONVERSION = YES;
				CLANG_WARN_OBJC_ROOT_CLASS = YES_ERROR;
				CLANG_WARN_UNREACHABLE_CODE = YES;
				CLANG_WARN__DUPLICATE_METHOD_MATCH = YES;
				"CODE_SIGN_IDENTITY[sdk=iphoneos*]" = "iPhone Developer";
				COPY_PHASE_STRIP = NO;
				DEBUG_INFORMATION_FORMAT = "dwarf-with-dsym";
				ENABLE_NS_ASSERTIONS = NO;
				ENABLE_STRICT_OBJC_MSGSEND = YES;
				GCC_C_LANGUAGE_STANDARD = gnu99;
				GCC_NO_COMMON_BLOCKS = YES;
				GCC_WARN_64_TO_32_BIT_CONVERSION = YES;
				GCC_WARN_ABOUT_RETURN_TYPE = YES_ERROR;
				GCC_WARN_UNDECLARED_SELECTOR = YES;
				GCC_WARN_UNINITIALIZED_AUTOS = YES_AGGRESSIVE;
				GCC_WARN_UNUSED_FUNCTION = YES;
				GCC_WARN_UNUSED_VARIABLE = YES;
				IPHONEOS_DEPLOYMENT_TARGET = 9.3;
				MTL_ENABLE_DEBUG_INFO = NO;
				SDKROOT = iphoneos;
				VALIDATE_PRODUCT = YES;
			};
			name = Release;
		};
		254AB7CE1D5C6C28003C8345 /* Debug */ = {
			isa = XCBuildConfiguration;
			buildSettings = {
				ASSETCATALOG_COMPILER_APPICON_NAME = AppIcon;
				FRAMEWORK_SEARCH_PATHS = (
					"$(inherited)",
					"$(PROJECT_DIR)/Carthage/Build/iOS",
				);
				INFOPLIST_FILE = test1/Info.plist;
				LD_RUNPATH_SEARCH_PATHS = "$(inherited) @executable_path/Frameworks";
				PRODUCT_BUNDLE_IDENTIFIER = com.ngo.test1;
				PRODUCT_NAME = "$(TARGET_NAME)";
			};
			name = Debug;
		};
		254AB7CF1D5C6C28003C8345 /* Release */ = {
			isa = XCBuildConfiguration;
			buildSettings = {
				ASSETCATALOG_COMPILER_APPICON_NAME = AppIcon;
				FRAMEWORK_SEARCH_PATHS = (
					"$(inherited)",
					"$(PROJECT_DIR)/Carthage/Build/iOS",
				);
				INFOPLIST_FILE = test1/Info.plist;
				LD_RUNPATH_SEARCH_PATHS = "$(inherited) @executable_path/Frameworks";
				PRODUCT_BUNDLE_IDENTIFIER = com.ngo.test1;
				PRODUCT_NAME = "$(TARGET_NAME)";
			};
			name = Release;
		};
/* End XCBuildConfiguration section */

/* Begin XCConfigurationList section */
		254AB7B61D5C6C28003C8345 /* Build configuration list for PBXProject "test1" */ = {
			isa = XCConfigurationList;
			buildConfigurations = (
				254AB7CB1D5C6C28003C8345 /* Debug */,
				254AB7CC1D5C6C28003C8345 /* Release */,
			);
			defaultConfigurationIsVisible = 0;
			defaultConfigurationName = Release;
		};
		254AB7CD1D5C6C28003C8345 /* Build configuration list for PBXNativeTarget "test1" */ = {
			isa = XCConfigurationList;
			buildConfigurations = (
				254AB7CE1D5C6C28003C8345 /* Debug */,
				254AB7CF1D5C6C28003C8345 /* Release */,
			);
			defaultConfigurationIsVisible = 0;
			defaultConfigurationName = Release;
		};
/* End XCConfigurationList section */
	};
	rootObject = 254AB7B31D5C6C28003C8345 /* Project object */;
}
